
Microsoft Visual Studio Solution File, Format Version 12.00
# Visual Studio 2012
Project("{FAE04EC0-301F-11D3-BF4B-00C04F79EFBC}") = "AdvShutdownClient", "AdvShutdownClient\AdvShutdownClient.csproj", "{C4B52690-179D-47D4-BDF3-D94F0AAC80CA}"
EndProject
Global
	GlobalSection(SolutionConfigurationPlatforms) = preSolution
		Debug|Any CPU = Debug|Any CPU
		Release|Any CPU = Release|Any CPU
	EndGlobalSection
	GlobalSection(ProjectConfigurationPlatforms) = postSolution
		{C4B52690-179D-47D4-BDF3-D94F0AAC80CA}.Debug|Any CPU.ActiveCfg = Debug|Any CPU
		{C4B52690-179D-47D4-BDF3-D94F0AAC80CA}.Debug|Any CPU.Build.0 = Debug|Any CPU
		{C4B52690-179D-47D4-BDF3-D94F0AAC80CA}.Release|Any CPU.ActiveCfg = Release|Any CPU
		{C4B52690-179D-47D4-BDF3-D94F0AAC80CA}.Release|Any CPU.Build.0 = Release|Any CPU
	EndGlobalSection
	GlobalSection(SolutionProperties) = preSolution
		HideSolutionNode = FALSE
	EndGlobalSection
EndGlobal
